
Microsoft Visual Studio Solution File, Format Version 12.00
# Visual Studio Version 17
VisualStudioVersion = 17.9.34714.143
MinimumVisualStudioVersion = 10.0.40219.1
Project("{FAE04EC0-301F-11D3-BF4B-00C04F79EFBC}") = "LQ.BlueToothCore", "LQ.BlueToothCore\LQ.BlueToothCore.csproj", "{B5E831DB-5960-4CB2-9716-8C2346627883}"
EndProject
Project("{FAE04EC0-301F-11D3-BF4B-00C04F79EFBC}") = "LQ.BlueToothCore.IService", "LQ.BlueToothCore.IService\LQ.BlueToothCore.IService.csproj", "{A9DCE773-7CFB-47E3-86C7-171205E7A4F5}"
EndProject
Project("{FAE04EC0-301F-11D3-BF4B-00C04F79EFBC}") = "LQ.BlueToothCore.Service", "LQ.BlueToothCore.Service\LQ.BlueToothCore.Service.csproj", "{03A3AADE-6DE4-4ADB-BCE8-3AA3D25CBA2D}"
EndProject
Project("{FAE04EC0-301F-11D3-BF4B-00C04F79EFBC}") = "LQ.BlueToothCore.MLL", "LQ.BlueToothCore.MLL\LQ.BlueToothCore.MLL.csproj", "{BEE3A3DA-AAC4-4866-A981-78016D55D375}"
EndProject
Project("{FAE04EC0-301F-11D3-BF4B-00C04F79EFBC}") = "ConsoleApp1", "ConsoleApp1\ConsoleApp1.csproj", "{4E27F705-C3B1-475D-AC8D-1304B02016E2}"
EndProject
Global
	GlobalSection(SolutionConfigurationPlatforms) = preSolution
		Debug|Any CPU = Debug|Any CPU
		Release|Any CPU = Release|Any CPU
	EndGlobalSection
	GlobalSection(ProjectConfigurationPlatforms) = postSolution
		{B5E831DB-5960-4CB2-9716-8C2346627883}.Debug|Any CPU.ActiveCfg = Debug|Any CPU
		{B5E831DB-5960-4CB2-9716-8C2346627883}.Debug|Any CPU.Build.0 = Debug|Any CPU
		{B5E831DB-5960-4CB2-9716-8C2346627883}.Release|Any CPU.ActiveCfg = Release|Any CPU
		{B5E831DB-5960-4CB2-9716-8C2346627883}.Release|Any CPU.Build.0 = Release|Any CPU
		{A9DCE773-7CFB-47E3-86C7-171205E7A4F5}.Debug|Any CPU.ActiveCfg = Debug|Any CPU
		{A9DCE773-7CFB-47E3-86C7-171205E7A4F5}.Debug|Any CPU.Build.0 = Debug|Any CPU
		{A9DCE773-7CFB-47E3-86C7-171205E7A4F5}.Release|Any CPU.ActiveCfg = Release|Any CPU
		{A9DCE773-7CFB-47E3-86C7-171205E7A4F5}.Release|Any CPU.Build.0 = Release|Any CPU
		{03A3AADE-6DE4-4ADB-BCE8-3AA3D25CBA2D}.Debug|Any CPU.ActiveCfg = Debug|Any CPU
		{03A3AADE-6DE4-4ADB-BCE8-3AA3D25CBA2D}.Debug|Any CPU.Build.0 = Debug|Any CPU
		{03A3AADE-6DE4-4ADB-BCE8-3AA3D25CBA2D}.Release|Any CPU.ActiveCfg = Release|Any CPU
		{03A3AADE-6DE4-4ADB-BCE8-3AA3D25CBA2D}.Release|Any CPU.Build.0 = Release|Any CPU
		{BEE3A3DA-AAC4-4866-A981-78016D55D375}.Debug|Any CPU.ActiveCfg = Debug|Any CPU
		{BEE3A3DA-AAC4-4866-A981-78016D55D375}.Debug|Any CPU.Build.0 = Debug|Any CPU
		{BEE3A3DA-AAC4-4866-A981-78016D55D375}.Release|Any CPU.ActiveCfg = Release|Any CPU
		{BEE3A3DA-AAC4-4866-A981-78016D55D375}.Release|Any CPU.Build.0 = Release|Any CPU
		{4E27F705-C3B1-475D-AC8D-1304B02016E2}.Debug|Any CPU.ActiveCfg = Debug|Any CPU
		{4E27F705-C3B1-475D-AC8D-1304B02016E2}.Debug|Any CPU.Build.0 = Debug|Any CPU
		{4E27F705-C3B1-475D-AC8D-1304B02016E2}.Release|Any CPU.ActiveCfg = Release|Any CPU
		{4E27F705-C3B1-475D-AC8D-1304B02016E2}.Release|Any CPU.Build.0 = Release|Any CPU
	EndGlobalSection
	GlobalSection(SolutionProperties) = preSolution
		HideSolutionNode = FALSE
	EndGlobalSection
	GlobalSection(ExtensibilityGlobals) = postSolution
		SolutionGuid = {4237EE80-0F6C-4745-B724-4E96E8E11805}
	EndGlobalSection
EndGlobal
